// !$*UTF8*$!
{
	archiveVersion = 1;
	classes = {
	};
	objectVersion = 46;
	objects = {

/* Begin PBXBuildFile section */
		8BBC6DF919CB6C0A00FE3AD4 /* AppDelegate.swift in Sources */ = {isa = PBXBuildFile; fileRef = 8BBC6DF819CB6C0A00FE3AD4 /* AppDelegate.swift */; };
		8BBC6DFB19CB6C0A00FE3AD4 /* ViewController.swift in Sources */ = {isa = PBXBuildFile; fileRef = 8BBC6DFA19CB6C0A00FE3AD4 /* ViewController.swift */; };
		8BBC6DFE19CB6C0A00FE3AD4 /* Main.storyboard in Resources */ = {isa = PBXBuildFile; fileRef = 8BBC6DFC19CB6C0A00FE3AD4 /* Main.storyboard */; };
		8BBC6E0019CB6C0A00FE3AD4 /* Images.xcassets in Resources */ = {isa = PBXBuildFile; fileRef = 8BBC6DFF19CB6C0A00FE3AD4 /* Images.xcassets */; };
		8BBC6E0319CB6C0A00FE3AD4 /* LaunchScreen.xib in Resources */ = {isa = PBXBuildFile; fileRef = 8BBC6E0119CB6C0A00FE3AD4 /* LaunchScreen.xib */; };
		8BBC6E0F19CB6C0A00FE3AD4 /* postcardTests.swift in Sources */ = {isa = PBXBuildFile; fileRef = 8BBC6E0E19CB6C0A00FE3AD4 /* postcardTests.swift */; };
/* End PBXBuildFile section */

/* Begin PBXContainerItemProxy section */
		8BBC6E0919CB6C0A00FE3AD4 /* PBXContainerItemProxy */ = {
			isa = PBXContainerItemProxy;
			containerPortal = 8BBC6DEB19CB6C0900FE3AD4 /* Project object */;
			proxyType = 1;
			remoteGlobalIDString = 8BBC6DF219CB6C0900FE3AD4;
			remoteInfo = postcard;
		};
/* End PBXContainerItemProxy section */

/* Begin PBXFileReference section */
		8BBC6DF319CB6C0A00FE3AD4 /* postcard.app */ = {isa = PBXFileReference; explicitFileType = wrapper.application; includeInIndex = 0; path = postcard.app; sourceTree = BUILT_PRODUCTS_DIR; };
		8BBC6DF719CB6C0A00FE3AD4 /* Info.plist */ = {isa = PBXFileReference; lastKnownFileType = text.plist.xml; path = Info.plist; sourceTree = "<group>"; };
		8BBC6DF819CB6C0A00FE3AD4 /* AppDelegate.swift */ = {isa = PBXFileReference; lastKnownFileType = sourcecode.swift; path = AppDelegate.swift; sourceTree = "<group>"; };
		8BBC6DFA19CB6C0A00FE3AD4 /* ViewController.swift */ = {isa = PBXFileReference; lastKnownFileType = sourcecode.swift; path = ViewController.swift; sourceTree = "<group>"; };
		8BBC6DFD19CB6C0A00FE3AD4 /* Base */ = {isa = PBXFileReference; lastKnownFileType = file.storyboard; name = Base; path = Base.lproj/Main.storyboard; sourceTree = "<group>"; };
		8BBC6DFF19CB6C0A00FE3AD4 /* Images.xcassets */ = {isa = PBXFileReference; lastKnownFileType = folder.assetcatalog; path = Images.xcassets; sourceTree = "<group>"; };
		8BBC6E0219CB6C0A00FE3AD4 /* Base */ = {isa = PBXFileReference; lastKnownFileType = file.xib; name = Base; path = Base.lproj/LaunchScreen.xib; sourceTree = "<group>"; };
		8BBC6E0819CB6C0A00FE3AD4 /* postcardTests.xctest */ = {isa = PBXFileReference; explicitFileType = wrapper.cfbundle; includeInIndex = 0; path = postcardTests.xctest; sourceTree = BUILT_PRODUCTS_DIR; };
		8BBC6E0D19CB6C0A00FE3AD4 /* Info.plist */ = {isa = PBXFileReference; lastKnownFileType = text.plist.xml; path = Info.plist; sourceTree = "<group>"; };
		8BBC6E0E19CB6C0A00FE3AD4 /* postcardTests.swift */ = {isa = PBXFileReference; lastKnownFileType = sourcecode.swift; path = postcardTests.swift; sourceTree = "<group>"; };
/* End PBXFileReference section */

/* Begin PBXFrameworksBuildPhase section */
		8BBC6DF019CB6C0900FE3AD4 /* Frameworks */ = {
			isa = PBXFrameworksBuildPhase;
			buildActionMask = 2147483647;
			files = (
			);
			runOnlyForDeploymentPostprocessing = 0;
		};
		8BBC6E0519CB6C0A00FE3AD4 /* Frameworks */ = {
			isa = PBXFrameworksBuildPhase;
			buildActionMask = 2147483647;
			files = (
			);
			runOnlyForDeploymentPostprocessing = 0;
		};
/* End PBXFrameworksBuildPhase section */

/* Begin PBXGroup section */
		8BBC6DEA19CB6C0900FE3AD4 = {
			isa = PBXGroup;
			children = (
				8BBC6DF519CB6C0A00FE3AD4 /* postcard */,
				8BBC6E0B19CB6C0A00FE3AD4 /* postcardTests */,
				8BBC6DF419CB6C0A00FE3AD4 /* Products */,
			);
			sourceTree = "<group>";
		};
		8BBC6DF419CB6C0A00FE3AD4 /* Products */ = {
			isa = PBXGroup;
			children = (
				8BBC6DF319CB6C0A00FE3AD4 /* postcard.app */,
				8BBC6E0819CB6C0A00FE3AD4 /* postcardTests.xctest */,
			);
			name = Products;
			sourceTree = "<group>";
		};
		8BBC6DF519CB6C0A00FE3AD4 /* postcard */ = {
			isa = PBXGroup;
			children = (
				8BBC6DF819CB6C0A00FE3AD4 /* AppDelegate.swift */,
				8BBC6DFA19CB6C0A00FE3AD4 /* ViewController.swift */,
				8BBC6DFC19CB6C0A00FE3AD4 /* Main.storyboard */,
				8BBC6DFF19CB6C0A00FE3AD4 /* Images.xcassets */,
				8BBC6E0119CB6C0A00FE3AD4 /* LaunchScreen.xib */,
				8BBC6DF619CB6C0A00FE3AD4 /* Supporting Files */,
			);
			path = postcard;
			sourceTree = "<group>";
		};
		8BBC6DF619CB6C0A00FE3AD4 /* Supporting Files */ = {
			isa = PBXGroup;
			children = (
				8BBC6DF719CB6C0A00FE3AD4 /* Info.plist */,
			);
			name = "Supporting Files";
			sourceTree = "<group>";
		};
		8BBC6E0B19CB6C0A00FE3AD4 /* postcardTests */ = {
			isa = PBXGroup;
			children = (
				8BBC6E0E19CB6C0A00FE3AD4 /* postcardTests.swift */,
				8BBC6E0C19CB6C0A00FE3AD4 /* Supporting Files */,
			);
			path = postcardTests;
			sourceTree = "<group>";
		};
		8BBC6E0C19CB6C0A00FE3AD4 /* Supporting Files */ = {
			isa = PBXGroup;
			children = (
				8BBC6E0D19CB6C0A00FE3AD4 /* Info.plist */,
			);
			name = "Supporting Files";
			sourceTree = "<group>";
		};
/* End PBXGroup section */

/* Begin PBXNativeTarget section */
		8BBC6DF219CB6C0900FE3AD4 /* postcard */ = {
			isa = PBXNativeTarget;
			buildConfigurationList = 8BBC6E1219CB6C0A00FE3AD4 /* Build configuration list for PBXNativeTarget "postcard" */;
			buildPhases = (
				8BBC6DEF19CB6C0900FE3AD4 /* Sources */,
				8BBC6DF019CB6C0900FE3AD4 /* Frameworks */,
				8BBC6DF119CB6C0900FE3AD4 /* Resources */,
			);
			buildRules = (
			);
			dependencies = (
			);
			name = postcard;
			productName = postcard;
			productReference = 8BBC6DF319CB6C0A00FE3AD4 /* postcard.app */;
			productType = "com.apple.product-type.application";
		};
		8BBC6E0719CB6C0A00FE3AD4 /* postcardTests */ = {
			isa = PBXNativeTarget;
			buildConfigurationList = 8BBC6E1519CB6C0A00FE3AD4 /* Build configuration list for PBXNativeTarget "postcardTests" */;
			buildPhases = (
				8BBC6E0419CB6C0A00FE3AD4 /* Sources */,
				8BBC6E0519CB6C0A00FE3AD4 /* Frameworks */,
				8BBC6E0619CB6C0A00FE3AD4 /* Resources */,
			);
			buildRules = (
			);
			dependencies = (
				8BBC6E0A19CB6C0A00FE3AD4 /* PBXTargetDependency */,
			);
			name = postcardTests;
			productName = postcardTests;
			productReference = 8BBC6E0819CB6C0A00FE3AD4 /* postcardTests.xctest */;
			productType = "com.apple.product-type.bundle.unit-test";
		};
/* End PBXNativeTarget section */

/* Begin PBXProject section */
		8BBC6DEB19CB6C0900FE3AD4 /* Project object */ = {
			isa = PBXProject;
			attributes = {
				LastUpgradeCheck = 0600;
				ORGANIZATIONNAME = "travis albers";
				TargetAttributes = {
					8BBC6DF219CB6C0900FE3AD4 = {
						CreatedOnToolsVersion = 6.0.1;
					};
					8BBC6E0719CB6C0A00FE3AD4 = {
						CreatedOnToolsVersion = 6.0.1;
						TestTargetID = 8BBC6DF219CB6C0900FE3AD4;
					};
				};
			};
			buildConfigurationList = 8BBC6DEE19CB6C0900FE3AD4 /* Build configuration list for PBXProject "postcard" */;
			compatibilityVersion = "Xcode 3.2";
			developmentRegion = English;
			hasScannedForEncodings = 0;
			knownRegions = (
				en,
				Base,
			);
			mainGroup = 8BBC6DEA19CB6C0900FE3AD4;
			productRefGroup = 8BBC6DF419CB6C0A00FE3AD4 /* Products */;
			projectDirPath = "";
			projectRoot = "";
			targets = (
				8BBC6DF219CB6C0900FE3AD4 /* postcard */,
				8BBC6E0719CB6C0A00FE3AD4 /* postcardTests */,
			);
		};
/* End PBXProject section */

/* Begin PBXResourcesBuildPhase section */
		8BBC6DF119CB6C0900FE3AD4 /* Resources */ = {
			isa = PBXResourcesBuildPhase;
			buildActionMask = 2147483647;
			files = (
				8BBC6DFE19CB6C0A00FE3AD4 /* Main.storyboard in Resources */,
				8BBC6E0319CB6C0A00FE3AD4 /* LaunchScreen.xib in Resources */,
				8BBC6E0019CB6C0A00FE3AD4 /* Images.xcassets in Resources */,
			);
			runOnlyForDeploymentPostprocessing = 0;
		};
		8BBC6E0619CB6C0A00FE3AD4 /* Resources */ = {
			isa = PBXResourcesBuildPhase;
			buildActionMask = 2147483647;
			files = (
			);
			runOnlyForDeploymentPostprocessing = 0;
		};
/* End PBXResourcesBuildPhase section */

/* Begin PBXSourcesBuildPhase section */
		8BBC6DEF19CB6C0900FE3AD4 /* Sources */ = {
			isa = PBXSourcesBuildPhase;
			buildActionMask = 2147483647;
			files = (
				8BBC6DFB19CB6C0A00FE3AD4 /* ViewController.swift in Sources */,
				8BBC6DF919CB6C0A00FE3AD4 /* AppDelegate.swift in Sources */,
			);
			runOnlyForDeploymentPostprocessing = 0;
		};
		8BBC6E0419CB6C0A00FE3AD4 /* Sources */ = {
			isa = PBXSourcesBuildPhase;
			buildActionMask = 2147483647;
			files = (
				8BBC6E0F19CB6C0A00FE3AD4 /* postcardTests.swift in Sources */,
			);
			runOnlyForDeploymentPostprocessing = 0;
		};
/* End PBXSourcesBuildPhase section */

/* Begin PBXTargetDependency section */
		8BBC6E0A19CB6C0A00FE3AD4 /* PBXTargetDependency */ = {
			isa = PBXTargetDependency;
			target = 8BBC6DF219CB6C0900FE3AD4 /* postcard */;
			targetProxy = 8BBC6E0919CB6C0A00FE3AD4 /* PBXContainerItemProxy */;
		};
/* End PBXTargetDependency section */

/* Begin PBXVariantGroup section */
		8BBC6DFC19CB6C0A00FE3AD4 /* Main.storyboard */ = {
			isa = PBXVariantGroup;
			children = (
				8BBC6DFD19CB6C0A00FE3AD4 /* Base */,
			);
			name = Main.storyboard;
			sourceTree = "<group>";
		};
		8BBC6E0119CB6C0A00FE3AD4 /* LaunchScreen.xib */ = {
			isa = PBXVariantGroup;
			children = (
				8BBC6E0219CB6C0A00FE3AD4 /* Base */,
			);
			name = LaunchScreen.xib;
			sourceTree = "<group>";
		};
/* End PBXVariantGroup section */

/* Begin XCBuildConfiguration section */
		8BBC6E1019CB6C0A00FE3AD4 /* Debug */ = {
			isa = XCBuildConfiguration;
			buildSettings = {
				ALWAYS_SEARCH_USER_PATHS = NO;
				CLANG_CXX_LANGUAGE_STANDARD = "gnu++0x";
				CLANG_CXX_LIBRARY = "libc++";
				CLANG_ENABLE_MODULES = YES;
				CLANG_ENABLE_OBJC_ARC = YES;
				CLANG_WARN_BOOL_CONVERSION = YES;
				CLANG_WARN_CONSTANT_CONVERSION = YES;
				CLANG_WARN_DIRECT_OBJC_ISA_USAGE = YES_ERROR;
				CLANG_WARN_EMPTY_BODY = YES;
				CLANG_WARN_ENUM_CONVERSION = YES;
				CLANG_WARN_INT_CONVERSION = YES;
				CLANG_WARN_OBJC_ROOT_CLASS = YES_ERROR;
				CLANG_WARN_UNREACHABLE_CODE = YES;
				CLANG_WARN__DUPLICATE_METHOD_MATCH = YES;
				"CODE_SIGN_IDENTITY[sdk=iphoneos*]" = "iPhone Developer";
				COPY_PHASE_STRIP = NO;
				ENABLE_STRICT_OBJC_MSGSEND = YES;
				GCC_C_LANGUAGE_STANDARD = gnu99;
				GCC_DYNAMIC_NO_PIC = NO;
				GCC_OPTIMIZATION_LEVEL = 0;
				GCC_PREPROCESSOR_DEFINITIONS = (
					"DEBUG=1",
					"$(inherited)",
				);
				GCC_SYMBOLS_PRIVATE_EXTERN = NO;
				GCC_WARN_64_TO_32_BIT_CONVERSION = YES;
				GCC_WARN_ABOUT_RETURN_TYPE = YES_ERROR;
				GCC_WARN_UNDECLARED_SELECTOR = YES;
				GCC_WARN_UNINITIALIZED_AUTOS = YES_AGGRESSIVE;
				GCC_WARN_UNUSED_FUNCTION = YES;
				GCC_WARN_UNUSED_VARIABLE = YES;
				IPHONEOS_DEPLOYMENT_TARGET = 8.0;
				MTL_ENABLE_DEBUG_INFO = YES;
				ONLY_ACTIVE_ARCH = YES;
				SDKROOT = iphoneos;
				SWIFT_OPTIMIZATION_LEVEL = "-Onone";
			};
			name = Debug;
		};
		8BBC6E1119CB6C0A00FE3AD4 /* Release */ = {
			isa = XCBuildConfiguration;
			buildSettings = {
				ALWAYS_SEARCH_USER_PATHS = NO;
				CLANG_CXX_LANGUAGE_STANDARD = "gnu++0x";
				CLANG_CXX_LIBRARY = "libc++";
				CLANG_ENABLE_MODULES = YES;
				CLANG_ENABLE_OBJC_ARC = YES;
				CLANG_WARN_BOOL_CONVERSION = YES;
				CLANG_WARN_CONSTANT_CONVERSION = YES;
				CLANG_WARN_DIRECT_OBJC_ISA_USAGE = YES_ERROR;
				CLANG_WARN_EMPTY_BODY = YES;
				CLANG_WARN_ENUM_CONVERSION = YES;
				CLANG_WARN_INT_CONVERSION = YES;
				CLANG_WARN_OBJC_ROOT_CLASS = YES_ERROR;
				CLANG_WARN_UNREACHABLE_CODE = YES;
				CLANG_WARN__DUPLICATE_METHOD_MATCH = YES;
				"CODE_SIGN_IDENTITY[sdk=iphoneos*]" = "iPhone Developer";
				COPY_PHASE_STRIP = YES;
				ENABLE_NS_ASSERTIONS = NO;
				ENABLE_STRICT_OBJC_MSGSEND = YES;
				GCC_C_LANGUAGE_STANDARD = gnu99;
				GCC_WARN_64_TO_32_BIT_CONVERSION = YES;
				GCC_WARN_ABOUT_RETURN_TYPE = YES_ERROR;
				GCC_WARN_UNDECLARED_SELECTOR = YES;
				GCC_WARN_UNINITIALIZED_AUTOS = YES_AGGRESSIVE;
				GCC_WARN_UNUSED_FUNCTION = YES;
				GCC_WARN_UNUSED_VARIABLE = YES;
				IPHONEOS_DEPLOYMENT_TARGET = 8.0;
				MTL_ENABLE_DEBUG_INFO = NO;
				SDKROOT = iphoneos;
				VALIDATE_PRODUCT = YES;
			};
			name = Release;
		};
		8BBC6E1319CB6C0A00FE3AD4 /* Debug */ = {
			isa = XCBuildConfiguration;
			buildSettings = {
				ASSETCATALOG_COMPILER_APPICON_NAME = AppIcon;
				INFOPLIST_FILE = postcard/Info.plist;
				LD_RUNPATH_SEARCH_PATHS = "$(inherited) @executable_path/Frameworks";
				PRODUCT_NAME = "$(TARGET_NAME)";
			};
			name = Debug;
		};
		8BBC6E1419CB6C0A00FE3AD4 /* Release */ = {
			isa = XCBuildConfiguration;
			buildSettings = {
				ASSETCATALOG_COMPILER_APPICON_NAME = AppIcon;
				INFOPLIST_FILE = postcard/Info.plist;
				LD_RUNPATH_SEARCH_PATHS = "$(inherited) @executable_path/Frameworks";
				PRODUCT_NAME = "$(TARGET_NAME)";
			};
			name = Release;
		};
		8BBC6E1619CB6C0A00FE3AD4 /* Debug */ = {
			isa = XCBuildConfiguration;
			buildSettings = {
				BUNDLE_LOADER = "$(TEST_HOST)";
				FRAMEWORK_SEARCH_PATHS = (
					"$(SDKROOT)/Developer/Library/Frameworks",
					"$(inherited)",
				);
				GCC_PREPROCESSOR_DEFINITIONS = (
					"DEBUG=1",
					"$(inherited)",
				);
				INFOPLIST_FILE = postcardTests/Info.plist;
				LD_RUNPATH_SEARCH_PATHS = "$(inherited) @executable_path/Frameworks @loader_path/Frameworks";
				PRODUCT_NAME = "$(TARGET_NAME)";
				TEST_HOST = "$(BUILT_PRODUCTS_DIR)/postcard.app/postcard";
			};
			name = Debug;
		};
		8BBC6E1719CB6C0A00FE3AD4 /* Release */ = {
			isa = XCBuildConfiguration;
			buildSettings = {
				BUNDLE_LOADER = "$(TEST_HOST)";
				FRAMEWORK_SEARCH_PATHS = (
					"$(SDKROOT)/Developer/Library/Frameworks",
					"$(inherited)",
				);
				INFOPLIST_FILE = postcardTests/Info.plist;
				LD_RUNPATH_SEARCH_PATHS = "$(inherited) @executable_path/Frameworks @loader_path/Frameworks";
				PRODUCT_NAME = "$(TARGET_NAME)";
				TEST_HOST = "$(BUILT_PRODUCTS_DIR)/postcard.app/postcard";
			};
			name = Release;
		};
/* End XCBuildConfiguration section */

/* Begin XCConfigurationList section */
		8BBC6DEE19CB6C0900FE3AD4 /* Build configuration list for PBXProject "postcard" */ = {
			isa = XCConfigurationList;
			buildConfigurations = (
				8BBC6E1019CB6C0A00FE3AD4 /* Debug */,
				8BBC6E1119CB6C0A00FE3AD4 /* Release */,
			);
			defaultConfigurationIsVisible = 0;
			defaultConfigurationName = Release;
		};
		8BBC6E1219CB6C0A00FE3AD4 /* Build configuration list for PBXNativeTarget "postcard" */ = {
			isa = XCConfigurationList;
			buildConfigurations = (
				8BBC6E1319CB6C0A00FE3AD4 /* Debug */,
				8BBC6E1419CB6C0A00FE3AD4 /* Release */,
			);
			defaultConfigurationIsVisible = 0;
		};
		8BBC6E1519CB6C0A00FE3AD4 /* Build configuration list for PBXNativeTarget "postcardTests" */ = {
			isa = XCConfigurationList;
			buildConfigurations = (
				8BBC6E1619CB6C0A00FE3AD4 /* Debug */,
				8BBC6E1719CB6C0A00FE3AD4 /* Release */,
			);
			defaultConfigurationIsVisible = 0;
		};
/* End XCConfigurationList section */
	};
	rootObject = 8BBC6DEB19CB6C0900FE3AD4 /* Project object */;
}
